
Microsoft Visual Studio Solution File, Format Version 12.00
# Visual Studio 15
VisualStudioVersion = 15.0.28307.572
MinimumVisualStudioVersion = 10.0.40219.1
Project("{FAE04EC0-301F-11D3-BF4B-00C04F79EFBC}") = "Bitekser Kesim", "Bitekser Kesim\Bitekser Kesim.csproj", "{AA4CC32C-5ADB-4ADA-A6F1-3474489407C1}"
EndProject
Global
	GlobalSection(SolutionConfigurationPlatforms) = preSolution
		Debug|Any CPU = Debug|Any CPU
		Release|Any CPU = Release|Any CPU
	EndGlobalSection
	GlobalSection(ProjectConfigurationPlatforms) = postSolution
		{AA4CC32C-5ADB-4ADA-A6F1-3474489407C1}.Debug|Any CPU.ActiveCfg = Debug|Any CPU
		{AA4CC32C-5ADB-4ADA-A6F1-3474489407C1}.Debug|Any CPU.Build.0 = Debug|Any CPU
		{AA4CC32C-5ADB-4ADA-A6F1-3474489407C1}.Release|Any CPU.ActiveCfg = Release|Any CPU
		{AA4CC32C-5ADB-4ADA-A6F1-3474489407C1}.Release|Any CPU.Build.0 = Release|Any CPU
	EndGlobalSection
	GlobalSection(SolutionProperties) = preSolution
		HideSolutionNode = FALSE
	EndGlobalSection
	GlobalSection(ExtensibilityGlobals) = postSolution
		SolutionGuid = {B0B9A612-F7F9-4C1B-8E55-458CBB4895A3}
	EndGlobalSection
EndGlobal
